<?xml version="1.0" encoding="utf-8"?>
<Project ToolsVersion="4.0" xmlns="http://schemas.microsoft.com/developer/msbuild/2003">
  <ItemGroup>
    <Filter Include="main">
      <UniqueIdentifier>{53667409-449b-4a6a-95b6-ab632759b9da}</UniqueIdentifier>
    </Filter>
    <Filter Include="solutions">
      <UniqueIdentifier>{cf8c7025-025f-4752-ad1d-55684c006980}</UniqueIdentifier>
    </Filter>
    <Filter Include="solutions\two_num">
      <UniqueIdentifier>{faee7172-dff9-4fa9-a588-8ec6aa1bed50}</UniqueIdentifier>
    </Filter>
    <Filter Include="solutions\add_two_nums">
      <UniqueIdentifier>{a62f13f6-c6de-4c01-9ccc-708ff5f34f2b}</UniqueIdentifier>
    </Filter>
    <Filter Include="solutions\longest_substring_without_repeating_characters">
      <UniqueIdentifier>{928654a3-0084-4661-9ef0-dac90d750b26}</UniqueIdentifier>
    </Filter>
    <Filter Include="solutions\media_of_two_sorted_arrays">
      <UniqueIdentifier>{cf4c23d6-de39-4667-b45f-85a0478e7166}</UniqueIdentifier>
    </Filter>
    <Filter Include="solutions\longest_palindromic_substring">
      <UniqueIdentifier>{a8b36298-6d5a-48cc-85ba-2c6878d5b3a0}</UniqueIdentifier>
    </Filter>
    <Filter Include="base_util">
      <UniqueIdentifier>{b3b5c5e8-3621-4614-8a3e-2e27edc32f06}</UniqueIdentifier>
    </Filter>
  </ItemGroup>
  <ItemGroup>
    <ClCompile Include="..\src\main\main.cpp">
      <Filter>main</Filter>
    </ClCompile>
    <ClCompile Include="..\src\solutions\two_num\solution_two_num.cpp">
      <Filter>solutions\two_num</Filter>
    </ClCompile>
    <ClCompile Include="..\src\solutions\add_two_nums\solution_add_two_nums.cpp">
      <Filter>solutions\add_two_nums</Filter>
    </ClCompile>
    <ClCompile Include="..\src\solutions\longest_substring_without_repeating_characters\longest_substring_without_repeating_characters.cpp">
      <Filter>solutions\longest_substring_without_repeating_characters</Filter>
    </ClCompile>
    <ClCompile Include="..\src\solutions\media_of_two_sorted_arrays\media_of_two_sorted_arrays.cpp">
      <Filter>solutions\media_of_two_sorted_arrays</Filter>
    </ClCompile>
    <ClCompile Include="..\src\solutions\longest_palindromic_substring\longest_palindromic_substring.cpp">
      <Filter>solutions\longest_palindromic_substring</Filter>
    </ClCompile>
    <ClCompile Include="..\src\base_util\util.cpp">
      <Filter>base_util</Filter>
    </ClCompile>
  </ItemGroup>
  <ItemGroup>
    <ClInclude Include="..\src\main\main.h">
      <Filter>main</Filter>
    </ClInclude>
    <ClInclude Include="..\src\solutions\two_num\solution_two_num.h">
      <Filter>solutions\two_num</Filter>
    </ClInclude>
    <ClInclude Include="..\src\solutions\add_two_nums\solution_add_two_nums.h">
      <Filter>solutions\add_two_nums</Filter>
    </ClInclude>
    <ClInclude Include="..\src\solutions\longest_substring_without_repeating_characters\longest_substring_without_repeating_characters.h">
      <Filter>solutions\longest_substring_without_repeating_characters</Filter>
    </ClInclude>
    <ClInclude Include="..\src\solutions\media_of_two_sorted_arrays\media_of_two_sorted_arrays.h">
      <Filter>solutions\media_of_two_sorted_arrays</Filter>
    </ClInclude>
    <ClInclude Include="..\src\solutions\longest_palindromic_substring\longest_palindromic_substring.h">
      <Filter>solutions\longest_palindromic_substring</Filter>
    </ClInclude>
    <ClInclude Include="..\src\base_util\util.h">
      <Filter>base_util</Filter>
    </ClInclude>
  </ItemGroup>
</Project>